
Microsoft Visual Studio Solution File, Format Version 12.00
# Visual Studio 15
VisualStudioVersion = 15.0.28307.1300
MinimumVisualStudioVersion = 10.0.40219.1
Project("{FAE04EC0-301F-11D3-BF4B-00C04F79EFBC}") = "ClientChatApp_025_Riyantama", "ClientChatApp_025_Riyantama\ClientChatApp_025_Riyantama.csproj", "{12EB7CB1-4D95-4C3E-AF4F-BBA162173CAF}"
EndProject
Global
	GlobalSection(SolutionConfigurationPlatforms) = preSolution
		Debug|Any CPU = Debug|Any CPU
		Release|Any CPU = Release|Any CPU
	EndGlobalSection
	GlobalSection(ProjectConfigurationPlatforms) = postSolution
		{12EB7CB1-4D95-4C3E-AF4F-BBA162173CAF}.Debug|Any CPU.ActiveCfg = Debug|Any CPU
		{12EB7CB1-4D95-4C3E-AF4F-BBA162173CAF}.Debug|Any CPU.Build.0 = Debug|Any CPU
		{12EB7CB1-4D95-4C3E-AF4F-BBA162173CAF}.Release|Any CPU.ActiveCfg = Release|Any CPU
		{12EB7CB1-4D95-4C3E-AF4F-BBA162173CAF}.Release|Any CPU.Build.0 = Release|Any CPU
	EndGlobalSection
	GlobalSection(SolutionProperties) = preSolution
		HideSolutionNode = FALSE
	EndGlobalSection
	GlobalSection(ExtensibilityGlobals) = postSolution
		SolutionGuid = {A157CDD6-F0E3-45E4-9DF9-3CDFBB0A34CB}
	EndGlobalSection
EndGlobal
